// !$*UTF8*$!
{
	archiveVersion = 1;
	classes = {
	};
	objectVersion = 46;
	objects = {

/* Begin PBXBuildFile section */
		09019C901C1A1C33004D0A5D /* main.m in Sources */ = {isa = PBXBuildFile; fileRef = 09019C8F1C1A1C33004D0A5D /* main.m */; };
		09019C931C1A1C33004D0A5D /* AppDelegate.m in Sources */ = {isa = PBXBuildFile; fileRef = 09019C921C1A1C33004D0A5D /* AppDelegate.m */; };
		09019C961C1A1C33004D0A5D /* ViewController.m in Sources */ = {isa = PBXBuildFile; fileRef = 09019C951C1A1C33004D0A5D /* ViewController.m */; };
		09019C9E1C1A1C33004D0A5D /* LaunchScreen.storyboard in Resources */ = {isa = PBXBuildFile; fileRef = 09019C9C1C1A1C33004D0A5D /* LaunchScreen.storyboard */; };
		43D19F071F53045500ADC97A /* MMNumberKeyboard.h in Headers */ = {isa = PBXBuildFile; fileRef = 43D19F051F53045500ADC97A /* MMNumberKeyboard.h */; settings = {ATTRIBUTES = (Public, ); }; };
		43D19F0A1F53045500ADC97A /* MMNumberKeyboard.framework in Frameworks */ = {isa = PBXBuildFile; fileRef = 43D19F031F53045500ADC97A /* MMNumberKeyboard.framework */; };
		43D19F0B1F53045500ADC97A /* MMNumberKeyboard.framework in Embed Frameworks */ = {isa = PBXBuildFile; fileRef = 43D19F031F53045500ADC97A /* MMNumberKeyboard.framework */; settings = {ATTRIBUTES = (CodeSignOnCopy, RemoveHeadersOnCopy, ); }; };
		43D19F101F5304F100ADC97A /* MMNumberKeyboard.h in Sources */ = {isa = PBXBuildFile; fileRef = 09019CBE1C1A281D004D0A5D /* MMNumberKeyboard.h */; };
		43D19F111F5304F100ADC97A /* MMNumberKeyboard.m in Sources */ = {isa = PBXBuildFile; fileRef = 09019CBF1C1A281D004D0A5D /* MMNumberKeyboard.m */; };
		43D19F121F5304F100ADC97A /* MMNumberKeyboardDeleteKey.png in Sources */ = {isa = PBXBuildFile; fileRef = 09019CC21C1A2831004D0A5D /* MMNumberKeyboardDeleteKey.png */; };
		43D19F131F5304F100ADC97A /* MMNumberKeyboardDeleteKey@2x.png in Sources */ = {isa = PBXBuildFile; fileRef = 09019CC31C1A2831004D0A5D /* MMNumberKeyboardDeleteKey@2x.png */; };
		43D19F141F5304F100ADC97A /* MMNumberKeyboardDeleteKey@3x.png in Sources */ = {isa = PBXBuildFile; fileRef = 09019CC41C1A2831004D0A5D /* MMNumberKeyboardDeleteKey@3x.png */; };
		43D19F151F5304F100ADC97A /* MMNumberKeyboardDismissKey.png in Sources */ = {isa = PBXBuildFile; fileRef = 09019CC51C1A2831004D0A5D /* MMNumberKeyboardDismissKey.png */; };
		43D19F161F5304F100ADC97A /* MMNumberKeyboardDismissKey@2x.png in Sources */ = {isa = PBXBuildFile; fileRef = 09019CC61C1A2831004D0A5D /* MMNumberKeyboardDismissKey@2x.png */; };
		43D19F171F5304F100ADC97A /* MMNumberKeyboardDismissKey@3x.png in Sources */ = {isa = PBXBuildFile; fileRef = 09019CC71C1A2831004D0A5D /* MMNumberKeyboardDismissKey@3x.png */; };
/* End PBXBuildFile section */

/* Begin PBXContainerItemProxy section */
		43D19F081F53045500ADC97A /* PBXContainerItemProxy */ = {
			isa = PBXContainerItemProxy;
			containerPortal = 09019C831C1A1C33004D0A5D /* Project object */;
			proxyType = 1;
			remoteGlobalIDString = 43D19F021F53045500ADC97A;
			remoteInfo = MMNumberKeyboard;
		};
/* End PBXContainerItemProxy section */

/* Begin PBXCopyFilesBuildPhase section */
		43D19F0F1F53045500ADC97A /* Embed Frameworks */ = {
			isa = PBXCopyFilesBuildPhase;
			buildActionMask = 2147483647;
			dstPath = "";
			dstSubfolderSpec = 10;
			files = (
				43D19F0B1F53045500ADC97A /* MMNumberKeyboard.framework in Embed Frameworks */,
			);
			name = "Embed Frameworks";
			runOnlyForDeploymentPostprocessing = 0;
		};
/* End PBXCopyFilesBuildPhase section */

/* Begin PBXFileReference section */
		09019C8B1C1A1C33004D0A5D /* MMNumberKeyboardDemo.app */ = {isa = PBXFileReference; explicitFileType = wrapper.application; includeInIndex = 0; path = MMNumberKeyboardDemo.app; sourceTree = BUILT_PRODUCTS_DIR; };
		09019C8F1C1A1C33004D0A5D /* main.m */ = {isa = PBXFileReference; lastKnownFileType = sourcecode.c.objc; name = main.m; path = ../Demo/main.m; sourceTree = "<group>"; };
		09019C911C1A1C33004D0A5D /* AppDelegate.h */ = {isa = PBXFileReference; lastKnownFileType = sourcecode.c.h; path = AppDelegate.h; sourceTree = "<group>"; };
		09019C921C1A1C33004D0A5D /* AppDelegate.m */ = {isa = PBXFileReference; lastKnownFileType = sourcecode.c.objc; path = AppDelegate.m; sourceTree = "<group>"; };
		09019C941C1A1C33004D0A5D /* ViewController.h */ = {isa = PBXFileReference; lastKnownFileType = sourcecode.c.h; path = ViewController.h; sourceTree = "<group>"; };
		09019C951C1A1C33004D0A5D /* ViewController.m */ = {isa = PBXFileReference; lastKnownFileType = sourcecode.c.objc; path = ViewController.m; sourceTree = "<group>"; };
		09019C9D1C1A1C33004D0A5D /* Base */ = {isa = PBXFileReference; lastKnownFileType = file.storyboard; name = Base; path = Base.lproj/LaunchScreen.storyboard; sourceTree = "<group>"; };
		09019C9F1C1A1C33004D0A5D /* Info.plist */ = {isa = PBXFileReference; lastKnownFileType = text.plist.xml; path = Info.plist; sourceTree = "<group>"; };
		09019CBE1C1A281D004D0A5D /* MMNumberKeyboard.h */ = {isa = PBXFileReference; fileEncoding = 4; lastKnownFileType = sourcecode.c.h; path = MMNumberKeyboard.h; sourceTree = "<group>"; };
		09019CBF1C1A281D004D0A5D /* MMNumberKeyboard.m */ = {isa = PBXFileReference; fileEncoding = 4; lastKnownFileType = sourcecode.c.objc; path = MMNumberKeyboard.m; sourceTree = "<group>"; };
		09019CC21C1A2831004D0A5D /* MMNumberKeyboardDeleteKey.png */ = {isa = PBXFileReference; lastKnownFileType = image.png; path = MMNumberKeyboardDeleteKey.png; sourceTree = "<group>"; };
		09019CC31C1A2831004D0A5D /* MMNumberKeyboardDeleteKey@2x.png */ = {isa = PBXFileReference; lastKnownFileType = image.png; path = "MMNumberKeyboardDeleteKey@2x.png"; sourceTree = "<group>"; };
		09019CC41C1A2831004D0A5D /* MMNumberKeyboardDeleteKey@3x.png */ = {isa = PBXFileReference; lastKnownFileType = image.png; path = "MMNumberKeyboardDeleteKey@3x.png"; sourceTree = "<group>"; };
		09019CC51C1A2831004D0A5D /* MMNumberKeyboardDismissKey.png */ = {isa = PBXFileReference; lastKnownFileType = image.png; path = MMNumberKeyboardDismissKey.png; sourceTree = "<group>"; };
		09019CC61C1A2831004D0A5D /* MMNumberKeyboardDismissKey@2x.png */ = {isa = PBXFileReference; lastKnownFileType = image.png; path = "MMNumberKeyboardDismissKey@2x.png"; sourceTree = "<group>"; };
		09019CC71C1A2831004D0A5D /* MMNumberKeyboardDismissKey@3x.png */ = {isa = PBXFileReference; lastKnownFileType = image.png; path = "MMNumberKeyboardDismissKey@3x.png"; sourceTree = "<group>"; };
		43D19F031F53045500ADC97A /* MMNumberKeyboard.framework */ = {isa = PBXFileReference; explicitFileType = wrapper.framework; includeInIndex = 0; path = MMNumberKeyboard.framework; sourceTree = BUILT_PRODUCTS_DIR; };
		43D19F051F53045500ADC97A /* MMNumberKeyboard.h */ = {isa = PBXFileReference; lastKnownFileType = sourcecode.c.h; path = MMNumberKeyboard.h; sourceTree = "<group>"; };
		43D19F061F53045500ADC97A /* Info.plist */ = {isa = PBXFileReference; lastKnownFileType = text.plist.xml; path = Info.plist; sourceTree = "<group>"; };
/* End PBXFileReference section */

/* Begin PBXFrameworksBuildPhase section */
		09019C881C1A1C33004D0A5D /* Frameworks */ = {
			isa = PBXFrameworksBuildPhase;
			buildActionMask = 2147483647;
			files = (
				43D19F0A1F53045500ADC97A /* MMNumberKeyboard.framework in Frameworks */,
			);
			runOnlyForDeploymentPostprocessing = 0;
		};
		43D19EFF1F53045500ADC97A /* Frameworks */ = {
			isa = PBXFrameworksBuildPhase;
			buildActionMask = 2147483647;
			files = (
			);
			runOnlyForDeploymentPostprocessing = 0;
		};
/* End PBXFrameworksBuildPhase section */

/* Begin PBXGroup section */
		09019C821C1A1C33004D0A5D = {
			isa = PBXGroup;
			children = (
				09019CBD1C1A2812004D0A5D /* Classes */,
				09019CC11C1A2827004D0A5D /* Images */,
				09019C8D1C1A1C33004D0A5D /* Demo */,
				43D19F041F53045500ADC97A /* MMNumberKeyboard */,
				09019C8C1C1A1C33004D0A5D /* Products */,
			);
			sourceTree = "<group>";
		};
		09019C8C1C1A1C33004D0A5D /* Products */ = {
			isa = PBXGroup;
			children = (
				09019C8B1C1A1C33004D0A5D /* MMNumberKeyboardDemo.app */,
				43D19F031F53045500ADC97A /* MMNumberKeyboard.framework */,
			);
			name = Products;
			sourceTree = "<group>";
		};
		09019C8D1C1A1C33004D0A5D /* Demo */ = {
			isa = PBXGroup;
			children = (
				09019C911C1A1C33004D0A5D /* AppDelegate.h */,
				09019C921C1A1C33004D0A5D /* AppDelegate.m */,
				09019C941C1A1C33004D0A5D /* ViewController.h */,
				09019C951C1A1C33004D0A5D /* ViewController.m */,
				09019C9C1C1A1C33004D0A5D /* LaunchScreen.storyboard */,
				09019C8E1C1A1C33004D0A5D /* Supporting Files */,
			);
			path = Demo;
			sourceTree = "<group>";
		};
		09019C8E1C1A1C33004D0A5D /* Supporting Files */ = {
			isa = PBXGroup;
			children = (
				09019C9F1C1A1C33004D0A5D /* Info.plist */,
				09019C8F1C1A1C33004D0A5D /* main.m */,
			);
			name = "Supporting Files";
			sourceTree = "<group>";
		};
		09019CBD1C1A2812004D0A5D /* Classes */ = {
			isa = PBXGroup;
			children = (
				09019CBE1C1A281D004D0A5D /* MMNumberKeyboard.h */,
				09019CBF1C1A281D004D0A5D /* MMNumberKeyboard.m */,
			);
			path = Classes;
			sourceTree = SOURCE_ROOT;
		};
		09019CC11C1A2827004D0A5D /* Images */ = {
			isa = PBXGroup;
			children = (
				09019CC21C1A2831004D0A5D /* MMNumberKeyboardDeleteKey.png */,
				09019CC31C1A2831004D0A5D /* MMNumberKeyboardDeleteKey@2x.png */,
				09019CC41C1A2831004D0A5D /* MMNumberKeyboardDeleteKey@3x.png */,
				09019CC51C1A2831004D0A5D /* MMNumberKeyboardDismissKey.png */,
				09019CC61C1A2831004D0A5D /* MMNumberKeyboardDismissKey@2x.png */,
				09019CC71C1A2831004D0A5D /* MMNumberKeyboardDismissKey@3x.png */,
			);
			path = Images;
			sourceTree = SOURCE_ROOT;
		};
		43D19F041F53045500ADC97A /* MMNumberKeyboard */ = {
			isa = PBXGroup;
			children = (
				43D19F051F53045500ADC97A /* MMNumberKeyboard.h */,
				43D19F061F53045500ADC97A /* Info.plist */,
			);
			path = MMNumberKeyboard;
			sourceTree = "<group>";
		};
/* End PBXGroup section */

/* Begin PBXHeadersBuildPhase section */
		43D19F001F53045500ADC97A /* Headers */ = {
			isa = PBXHeadersBuildPhase;
			buildActionMask = 2147483647;
			files = (
				43D19F071F53045500ADC97A /* MMNumberKeyboard.h in Headers */,
			);
			runOnlyForDeploymentPostprocessing = 0;
		};
/* End PBXHeadersBuildPhase section */

/* Begin PBXNativeTarget section */
		09019C8A1C1A1C33004D0A5D /* MMNumberKeyboardDemo */ = {
			isa = PBXNativeTarget;
			buildConfigurationList = 09019CA21C1A1C33004D0A5D /* Build configuration list for PBXNativeTarget "MMNumberKeyboardDemo" */;
			buildPhases = (
				09019C871C1A1C33004D0A5D /* Sources */,
				09019C881C1A1C33004D0A5D /* Frameworks */,
				09019C891C1A1C33004D0A5D /* Resources */,
				43D19F0F1F53045500ADC97A /* Embed Frameworks */,
			);
			buildRules = (
			);
			dependencies = (
				43D19F091F53045500ADC97A /* PBXTargetDependency */,
			);
			name = MMNumberKeyboardDemo;
			productName = MMNumberKeyboard;
			productReference = 09019C8B1C1A1C33004D0A5D /* MMNumberKeyboardDemo.app */;
			productType = "com.apple.product-type.application";
		};
		43D19F021F53045500ADC97A /* MMNumberKeyboard */ = {
			isa = PBXNativeTarget;
			buildConfigurationList = 43D19F0C1F53045500ADC97A /* Build configuration list for PBXNativeTarget "MMNumberKeyboard" */;
			buildPhases = (
				43D19EFE1F53045500ADC97A /* Sources */,
				43D19EFF1F53045500ADC97A /* Frameworks */,
				43D19F001F53045500ADC97A /* Headers */,
				43D19F011F53045500ADC97A /* Resources */,
			);
			buildRules = (
			);
			dependencies = (
			);
			name = MMNumberKeyboard;
			productName = MMNumberKeyboard;
			productReference = 43D19F031F53045500ADC97A /* MMNumberKeyboard.framework */;
			productType = "com.apple.product-type.framework";
		};
/* End PBXNativeTarget section */

/* Begin PBXProject section */
		09019C831C1A1C33004D0A5D /* Project object */ = {
			isa = PBXProject;
			attributes = {
				LastUpgradeCheck = 0830;
				ORGANIZATIONNAME = "Matías Martínez";
				TargetAttributes = {
					09019C8A1C1A1C33004D0A5D = {
						CreatedOnToolsVersion = 7.1.1;
						DevelopmentTeam = C9RNNUMNBG;
					};
					43D19F021F53045500ADC97A = {
						CreatedOnToolsVersion = 8.3.3;
						DevelopmentTeam = C9RNNUMNBG;
						ProvisioningStyle = Automatic;
					};
				};
			};
			buildConfigurationList = 09019C861C1A1C33004D0A5D /* Build configuration list for PBXProject "Demo" */;
			compatibilityVersion = "Xcode 3.2";
			developmentRegion = English;
			hasScannedForEncodings = 0;
			knownRegions = (
				en,
				Base,
			);
			mainGroup = 09019C821C1A1C33004D0A5D;
			productRefGroup = 09019C8C1C1A1C33004D0A5D /* Products */;
			projectDirPath = "";
			projectRoot = "";
			targets = (
				09019C8A1C1A1C33004D0A5D /* MMNumberKeyboardDemo */,
				43D19F021F53045500ADC97A /* MMNumberKeyboard */,
			);
		};
/* End PBXProject section */

/* Begin PBXResourcesBuildPhase section */
		09019C891C1A1C33004D0A5D /* Resources */ = {
			isa = PBXResourcesBuildPhase;
			buildActionMask = 2147483647;
			files = (
				09019C9E1C1A1C33004D0A5D /* LaunchScreen.storyboard in Resources */,
			);
			runOnlyForDeploymentPostprocessing = 0;
		};
		43D19F011F53045500ADC97A /* Resources */ = {
			isa = PBXResourcesBuildPhase;
			buildActionMask = 2147483647;
			files = (
			);
			runOnlyForDeploymentPostprocessing = 0;
		};
/* End PBXResourcesBuildPhase section */

/* Begin PBXSourcesBuildPhase section */
		09019C871C1A1C33004D0A5D /* Sources */ = {
			isa = PBXSourcesBuildPhase;
			buildActionMask = 2147483647;
			files = (
				09019C961C1A1C33004D0A5D /* ViewController.m in Sources */,
				09019C931C1A1C33004D0A5D /* AppDelegate.m in Sources */,
				09019C901C1A1C33004D0A5D /* main.m in Sources */,
			);
			runOnlyForDeploymentPostprocessing = 0;
		};
		43D19EFE1F53045500ADC97A /* Sources */ = {
			isa = PBXSourcesBuildPhase;
			buildActionMask = 2147483647;
			files = (
				43D19F101F5304F100ADC97A /* MMNumberKeyboard.h in Sources */,
				43D19F111F5304F100ADC97A /* MMNumberKeyboard.m in Sources */,
				43D19F121F5304F100ADC97A /* MMNumberKeyboardDeleteKey.png in Sources */,
				43D19F131F5304F100ADC97A /* MMNumberKeyboardDeleteKey@2x.png in Sources */,
				43D19F141F5304F100ADC97A /* MMNumberKeyboardDeleteKey@3x.png in Sources */,
				43D19F151F5304F100ADC97A /* MMNumberKeyboardDismissKey.png in Sources */,
				43D19F161F5304F100ADC97A /* MMNumberKeyboardDismissKey@2x.png in Sources */,
				43D19F171F5304F100ADC97A /* MMNumberKeyboardDismissKey@3x.png in Sources */,
			);
			runOnlyForDeploymentPostprocessing = 0;
		};
/* End PBXSourcesBuildPhase section */

/* Begin PBXTargetDependency section */
		43D19F091F53045500ADC97A /* PBXTargetDependency */ = {
			isa = PBXTargetDependency;
			target = 43D19F021F53045500ADC97A /* MMNumberKeyboard */;
			targetProxy = 43D19F081F53045500ADC97A /* PBXContainerItemProxy */;
		};
/* End PBXTargetDependency section */

/* Begin PBXVariantGroup section */
		09019C9C1C1A1C33004D0A5D /* LaunchScreen.storyboard */ = {
			isa = PBXVariantGroup;
			children = (
				09019C9D1C1A1C33004D0A5D /* Base */,
			);
			name = LaunchScreen.storyboard;
			path = Demo;
			sourceTree = SOURCE_ROOT;
		};
/* End PBXVariantGroup section */

/* Begin XCBuildConfiguration section */
		09019CA01C1A1C33004D0A5D /* Debug */ = {
			isa = XCBuildConfiguration;
			buildSettings = {
				ALWAYS_SEARCH_USER_PATHS = NO;
				CLANG_CXX_LANGUAGE_STANDARD = "gnu++0x";
				CLANG_CXX_LIBRARY = "libc++";
				CLANG_ENABLE_MODULES = YES;
				CLANG_ENABLE_OBJC_ARC = YES;
				CLANG_WARN_BOOL_CONVERSION = YES;
				CLANG_WARN_CONSTANT_CONVERSION = YES;
				CLANG_WARN_DIRECT_OBJC_ISA_USAGE = YES_ERROR;
				CLANG_WARN_EMPTY_BODY = YES;
				CLANG_WARN_ENUM_CONVERSION = YES;
				CLANG_WARN_INFINITE_RECURSION = YES;
				CLANG_WARN_INT_CONVERSION = YES;
				CLANG_WARN_OBJC_ROOT_CLASS = YES_ERROR;
				CLANG_WARN_SUSPICIOUS_MOVE = YES;
				CLANG_WARN_UNREACHABLE_CODE = YES;
				CLANG_WARN__DUPLICATE_METHOD_MATCH = YES;
				"CODE_SIGN_IDENTITY[sdk=iphoneos*]" = "iPhone Developer";
				COPY_PHASE_STRIP = NO;
				DEBUG_INFORMATION_FORMAT = dwarf;
				ENABLE_STRICT_OBJC_MSGSEND = YES;
				ENABLE_TESTABILITY = YES;
				GCC_C_LANGUAGE_STANDARD = gnu99;
				GCC_DYNAMIC_NO_PIC = NO;
				GCC_NO_COMMON_BLOCKS = YES;
				GCC_OPTIMIZATION_LEVEL = 0;
				GCC_PREPROCESSOR_DEFINITIONS = (
					"DEBUG=1",
					"$(inherited)",
				);
				GCC_WARN_64_TO_32_BIT_CONVERSION = YES;
				GCC_WARN_ABOUT_RETURN_TYPE = YES_ERROR;
				GCC_WARN_UNDECLARED_SELECTOR = YES;
				GCC_WARN_UNINITIALIZED_AUTOS = YES_AGGRESSIVE;
				GCC_WARN_UNUSED_FUNCTION = YES;
				GCC_WARN_UNUSED_VARIABLE = YES;
				IPHONEOS_DEPLOYMENT_TARGET = 9.1;
				MTL_ENABLE_DEBUG_INFO = YES;
				ONLY_ACTIVE_ARCH = YES;
				SDKROOT = iphoneos;
				TARGETED_DEVICE_FAMILY = "1,2";
			};
			name = Debug;
		};
		09019CA11C1A1C33004D0A5D /* Release */ = {
			isa = XCBuildConfiguration;
			buildSettings = {
				ALWAYS_SEARCH_USER_PATHS = NO;
				CLANG_CXX_LANGUAGE_STANDARD = "gnu++0x";
				CLANG_CXX_LIBRARY = "libc++";
				CLANG_ENABLE_MODULES = YES;
				CLANG_ENABLE_OBJC_ARC = YES;
				CLANG_WARN_BOOL_CONVERSION = YES;
				CLANG_WARN_CONSTANT_CONVERSION = YES;
				CLANG_WARN_DIRECT_OBJC_ISA_USAGE = YES_ERROR;
				CLANG_WARN_EMPTY_BODY = YES;
				CLANG_WARN_ENUM_CONVERSION = YES;
				CLANG_WARN_INFINITE_RECURSION = YES;
				CLANG_WARN_INT_CONVERSION = YES;
				CLANG_WARN_OBJC_ROOT_CLASS = YES_ERROR;
				CLANG_WARN_SUSPICIOUS_MOVE = YES;
				CLANG_WARN_UNREACHABLE_CODE = YES;
				CLANG_WARN__DUPLICATE_METHOD_MATCH = YES;
				"CODE_SIGN_IDENTITY[sdk=iphoneos*]" = "iPhone Developer";
				COPY_PHASE_STRIP = NO;
				DEBUG_INFORMATION_FORMAT = "dwarf-with-dsym";
				ENABLE_NS_ASSERTIONS = NO;
				ENABLE_STRICT_OBJC_MSGSEND = YES;
				GCC_C_LANGUAGE_STANDARD = gnu99;
				GCC_NO_COMMON_BLOCKS = YES;
				GCC_WARN_64_TO_32_BIT_CONVERSION = YES;
				GCC_WARN_ABOUT_RETURN_TYPE = YES_ERROR;
				GCC_WARN_UNDECLARED_SELECTOR = YES;
				GCC_WARN_UNINITIALIZED_AUTOS = YES_AGGRESSIVE;
				GCC_WARN_UNUSED_FUNCTION = YES;
				GCC_WARN_UNUSED_VARIABLE = YES;
				IPHONEOS_DEPLOYMENT_TARGET = 9.1;
				MTL_ENABLE_DEBUG_INFO = NO;
				SDKROOT = iphoneos;
				TARGETED_DEVICE_FAMILY = "1,2";
				VALIDATE_PRODUCT = YES;
			};
			name = Release;
		};
		09019CA31C1A1C33004D0A5D /* Debug */ = {
			isa = XCBuildConfiguration;
			buildSettings = {
				ASSETCATALOG_COMPILER_APPICON_NAME = AppIcon;
				DEVELOPMENT_TEAM = C9RNNUMNBG;
				INFOPLIST_FILE = "$(SRCROOT)/Demo/Info.plist";
				IPHONEOS_DEPLOYMENT_TARGET = 8.0;
				LD_RUNPATH_SEARCH_PATHS = "$(inherited) @executable_path/Frameworks";
				PRODUCT_BUNDLE_IDENTIFIER = net.MatMartinez.MMNumberKeyboardDemo;
				PRODUCT_NAME = "$(TARGET_NAME)";
			};
			name = Debug;
		};
		09019CA41C1A1C33004D0A5D /* Release */ = {
			isa = XCBuildConfiguration;
			buildSettings = {
				ASSETCATALOG_COMPILER_APPICON_NAME = AppIcon;
				DEVELOPMENT_TEAM = C9RNNUMNBG;
				INFOPLIST_FILE = "$(SRCROOT)/Demo/Info.plist";
				IPHONEOS_DEPLOYMENT_TARGET = 8.0;
				LD_RUNPATH_SEARCH_PATHS = "$(inherited) @executable_path/Frameworks";
				PRODUCT_BUNDLE_IDENTIFIER = net.MatMartinez.MMNumberKeyboardDemo;
				PRODUCT_NAME = "$(TARGET_NAME)";
			};
			name = Release;
		};
		43D19F0D1F53045500ADC97A /* Debug */ = {
			isa = XCBuildConfiguration;
			buildSettings = {
				CLANG_ANALYZER_NONNULL = YES;
				CLANG_ANALYZER_NUMBER_OBJECT_CONVERSION = YES_AGGRESSIVE;
				CLANG_WARN_DOCUMENTATION_COMMENTS = YES;
				CODE_SIGN_IDENTITY = "";
				CURRENT_PROJECT_VERSION = 1;
				DEFINES_MODULE = YES;
				DEVELOPMENT_TEAM = C9RNNUMNBG;
				DYLIB_COMPATIBILITY_VERSION = 1;
				DYLIB_CURRENT_VERSION = 1;
				DYLIB_INSTALL_NAME_BASE = "@rpath";
				INFOPLIST_FILE = MMNumberKeyboard/Info.plist;
				INSTALL_PATH = "$(LOCAL_LIBRARY_DIR)/Frameworks";
				IPHONEOS_DEPLOYMENT_TARGET = 10.3;
				LD_RUNPATH_SEARCH_PATHS = "$(inherited) @executable_path/Frameworks @loader_path/Frameworks";
				PRODUCT_BUNDLE_IDENTIFIER = net.MatMartinez.MMNumberKeyboard;
				PRODUCT_NAME = "$(TARGET_NAME)";
				SKIP_INSTALL = YES;
				SWIFT_ACTIVE_COMPILATION_CONDITIONS = DEBUG;
				SWIFT_OPTIMIZATION_LEVEL = "-Onone";
				SWIFT_VERSION = 3.0;
				VERSIONING_SYSTEM = "apple-generic";
				VERSION_INFO_PREFIX = "";
			};
			name = Debug;
		};
		43D19F0E1F53045500ADC97A /* Release */ = {
			isa = XCBuildConfiguration;
			buildSettings = {
				CLANG_ANALYZER_NONNULL = YES;
				CLANG_ANALYZER_NUMBER_OBJECT_CONVERSION = YES_AGGRESSIVE;
				CLANG_WARN_DOCUMENTATION_COMMENTS = YES;
				CODE_SIGN_IDENTITY = "";
				CURRENT_PROJECT_VERSION = 1;
				DEFINES_MODULE = YES;
				DEVELOPMENT_TEAM = C9RNNUMNBG;
				DYLIB_COMPATIBILITY_VERSION = 1;
				DYLIB_CURRENT_VERSION = 1;
				DYLIB_INSTALL_NAME_BASE = "@rpath";
				INFOPLIST_FILE = MMNumberKeyboard/Info.plist;
				INSTALL_PATH = "$(LOCAL_LIBRARY_DIR)/Frameworks";
				IPHONEOS_DEPLOYMENT_TARGET = 10.3;
				LD_RUNPATH_SEARCH_PATHS = "$(inherited) @executable_path/Frameworks @loader_path/Frameworks";
				PRODUCT_BUNDLE_IDENTIFIER = net.MatMartinez.MMNumberKeyboard;
				PRODUCT_NAME = "$(TARGET_NAME)";
				SKIP_INSTALL = YES;
				SWIFT_OPTIMIZATION_LEVEL = "-Owholemodule";
				SWIFT_VERSION = 3.0;
				VERSIONING_SYSTEM = "apple-generic";
				VERSION_INFO_PREFIX = "";
			};
			name = Release;
		};
/* End XCBuildConfiguration section */

/* Begin XCConfigurationList section */
		09019C861C1A1C33004D0A5D /* Build configuration list for PBXProject "Demo" */ = {
			isa = XCConfigurationList;
			buildConfigurations = (
				09019CA01C1A1C33004D0A5D /* Debug */,
				09019CA11C1A1C33004D0A5D /* Release */,
			);
			defaultConfigurationIsVisible = 0;
			defaultConfigurationName = Release;
		};
		09019CA21C1A1C33004D0A5D /* Build configuration list for PBXNativeTarget "MMNumberKeyboardDemo" */ = {
			isa = XCConfigurationList;
			buildConfigurations = (
				09019CA31C1A1C33004D0A5D /* Debug */,
				09019CA41C1A1C33004D0A5D /* Release */,
			);
			defaultConfigurationIsVisible = 0;
			defaultConfigurationName = Release;
		};
		43D19F0C1F53045500ADC97A /* Build configuration list for PBXNativeTarget "MMNumberKeyboard" */ = {
			isa = XCConfigurationList;
			buildConfigurations = (
				43D19F0D1F53045500ADC97A /* Debug */,
				43D19F0E1F53045500ADC97A /* Release */,
			);
			defaultConfigurationIsVisible = 0;
		};
/* End XCConfigurationList section */
	};
	rootObject = 09019C831C1A1C33004D0A5D /* Project object */;
}
